// !$*UTF8*$!
{
	archiveVersion = 1;
	classes = {
	};
	objectVersion = 48;
	objects = {

/* Begin PBXBuildFile section */
		779E34011FB93A1D00DDA068 /* MMLib.h in Headers */ = {isa = PBXBuildFile; fileRef = 779E33FF1FB93A1D00DDA068 /* MMLib.h */; settings = {ATTRIBUTES = (Public, ); }; };
		779E34081FB93A3A00DDA068 /* MMOperation.swift in Sources */ = {isa = PBXBuildFile; fileRef = 779E34071FB93A3A00DDA068 /* MMOperation.swift */; };
		779E34101FB93A7600DDA068 /* MMLibTests.swift in Sources */ = {isa = PBXBuildFile; fileRef = 779E340F1FB93A7600DDA068 /* MMLibTests.swift */; };
		779E34121FB93A7600DDA068 /* MMLib.framework in Frameworks */ = {isa = PBXBuildFile; fileRef = 779E33FC1FB93A1D00DDA068 /* MMLib.framework */; };
/* End PBXBuildFile section */

/* Begin PBXContainerItemProxy section */
		779E34131FB93A7600DDA068 /* PBXContainerItemProxy */ = {
			isa = PBXContainerItemProxy;
			containerPortal = 779E33F31FB93A1D00DDA068 /* Project object */;
			proxyType = 1;
			remoteGlobalIDString = 779E33FB1FB93A1D00DDA068;
			remoteInfo = MMLib;
		};
/* End PBXContainerItemProxy section */

/* Begin PBXFileReference section */
		779E33FC1FB93A1D00DDA068 /* MMLib.framework */ = {isa = PBXFileReference; explicitFileType = wrapper.framework; includeInIndex = 0; path = MMLib.framework; sourceTree = BUILT_PRODUCTS_DIR; };
		779E33FF1FB93A1D00DDA068 /* MMLib.h */ = {isa = PBXFileReference; lastKnownFileType = sourcecode.c.h; path = MMLib.h; sourceTree = "<group>"; };
		779E34001FB93A1D00DDA068 /* Info.plist */ = {isa = PBXFileReference; lastKnownFileType = text.plist.xml; path = Info.plist; sourceTree = "<group>"; };
		779E34071FB93A3A00DDA068 /* MMOperation.swift */ = {isa = PBXFileReference; lastKnownFileType = sourcecode.swift; path = MMOperation.swift; sourceTree = "<group>"; };
		779E340D1FB93A7600DDA068 /* MMLibTests.xctest */ = {isa = PBXFileReference; explicitFileType = wrapper.cfbundle; includeInIndex = 0; path = MMLibTests.xctest; sourceTree = BUILT_PRODUCTS_DIR; };
		779E340F1FB93A7600DDA068 /* MMLibTests.swift */ = {isa = PBXFileReference; lastKnownFileType = sourcecode.swift; path = MMLibTests.swift; sourceTree = "<group>"; };
		779E34111FB93A7600DDA068 /* Info.plist */ = {isa = PBXFileReference; lastKnownFileType = text.plist.xml; path = Info.plist; sourceTree = "<group>"; };
		779E341A1FB93C3F00DDA068 /* Nimble.framework */ = {isa = PBXFileReference; explicitFileType = wrapper.framework; path = Nimble.framework; sourceTree = BUILT_PRODUCTS_DIR; };
		779E341C1FB93CF400DDA068 /* Nimble.framework */ = {isa = PBXFileReference; explicitFileType = wrapper.framework; path = Nimble.framework; sourceTree = BUILT_PRODUCTS_DIR; };
		779E34201FB93D6700DDA068 /* Nimble.framework */ = {isa = PBXFileReference; explicitFileType = wrapper.framework; path = Nimble.framework; sourceTree = BUILT_PRODUCTS_DIR; };
		779E34211FB93D6700DDA068 /* Nimble.framework */ = {isa = PBXFileReference; explicitFileType = wrapper.framework; path = Nimble.framework; sourceTree = BUILT_PRODUCTS_DIR; };
		779E34221FB93D6700DDA068 /* Nimble.framework */ = {isa = PBXFileReference; explicitFileType = wrapper.framework; path = Nimble.framework; sourceTree = BUILT_PRODUCTS_DIR; };
/* End PBXFileReference section */

/* Begin PBXFrameworksBuildPhase section */
		779E33F81FB93A1D00DDA068 /* Frameworks */ = {
			isa = PBXFrameworksBuildPhase;
			buildActionMask = 2147483647;
			files = (
			);
			runOnlyForDeploymentPostprocessing = 0;
		};
		779E340A1FB93A7600DDA068 /* Frameworks */ = {
			isa = PBXFrameworksBuildPhase;
			buildActionMask = 2147483647;
			files = (
				779E34121FB93A7600DDA068 /* MMLib.framework in Frameworks */,
			);
			runOnlyForDeploymentPostprocessing = 0;
		};
/* End PBXFrameworksBuildPhase section */

/* Begin PBXGroup section */
		779E33F21FB93A1D00DDA068 = {
			isa = PBXGroup;
			children = (
				779E33FE1FB93A1D00DDA068 /* MMLib */,
				779E340E1FB93A7600DDA068 /* MMLibTests */,
				779E33FD1FB93A1D00DDA068 /* Products */,
				779E34181FB93C3F00DDA068 /* Frameworks */,
			);
			sourceTree = "<group>";
		};
		779E33FD1FB93A1D00DDA068 /* Products */ = {
			isa = PBXGroup;
			children = (
				779E33FC1FB93A1D00DDA068 /* MMLib.framework */,
				779E340D1FB93A7600DDA068 /* MMLibTests.xctest */,
			);
			name = Products;
			sourceTree = "<group>";
		};
		779E33FE1FB93A1D00DDA068 /* MMLib */ = {
			isa = PBXGroup;
			children = (
				779E33FF1FB93A1D00DDA068 /* MMLib.h */,
				779E34071FB93A3A00DDA068 /* MMOperation.swift */,
				779E34001FB93A1D00DDA068 /* Info.plist */,
			);
			path = MMLib;
			sourceTree = "<group>";
		};
		779E340E1FB93A7600DDA068 /* MMLibTests */ = {
			isa = PBXGroup;
			children = (
				779E340F1FB93A7600DDA068 /* MMLibTests.swift */,
				779E34111FB93A7600DDA068 /* Info.plist */,
			);
			path = MMLibTests;
			sourceTree = "<group>";
		};
		779E34181FB93C3F00DDA068 /* Frameworks */ = {
			isa = PBXGroup;
			children = (
				779E34201FB93D6700DDA068 /* Nimble.framework */,
				779E34211FB93D6700DDA068 /* Nimble.framework */,
				779E34221FB93D6700DDA068 /* Nimble.framework */,
				779E341C1FB93CF400DDA068 /* Nimble.framework */,
				779E341A1FB93C3F00DDA068 /* Nimble.framework */,
			);
			name = Frameworks;
			sourceTree = "<group>";
		};
/* End PBXGroup section */

/* Begin PBXHeadersBuildPhase section */
		779E33F91FB93A1D00DDA068 /* Headers */ = {
			isa = PBXHeadersBuildPhase;
			buildActionMask = 2147483647;
			files = (
				779E34011FB93A1D00DDA068 /* MMLib.h in Headers */,
			);
			runOnlyForDeploymentPostprocessing = 0;
		};
/* End PBXHeadersBuildPhase section */

/* Begin PBXNativeTarget section */
		779E33FB1FB93A1D00DDA068 /* MMLib */ = {
			isa = PBXNativeTarget;
			buildConfigurationList = 779E34041FB93A1D00DDA068 /* Build configuration list for PBXNativeTarget "MMLib" */;
			buildPhases = (
				779E33F71FB93A1D00DDA068 /* Sources */,
				779E33F81FB93A1D00DDA068 /* Frameworks */,
				779E33F91FB93A1D00DDA068 /* Headers */,
				779E33FA1FB93A1D00DDA068 /* Resources */,
			);
			buildRules = (
			);
			dependencies = (
			);
			name = MMLib;
			productName = MMLib;
			productReference = 779E33FC1FB93A1D00DDA068 /* MMLib.framework */;
			productType = "com.apple.product-type.framework";
		};
		779E340C1FB93A7600DDA068 /* MMLibTests */ = {
			isa = PBXNativeTarget;
			buildConfigurationList = 779E34151FB93A7600DDA068 /* Build configuration list for PBXNativeTarget "MMLibTests" */;
			buildPhases = (
				779E34091FB93A7600DDA068 /* Sources */,
				779E340A1FB93A7600DDA068 /* Frameworks */,
				779E340B1FB93A7600DDA068 /* Resources */,
			);
			buildRules = (
			);
			dependencies = (
				779E34141FB93A7600DDA068 /* PBXTargetDependency */,
			);
			name = MMLibTests;
			productName = MMLibTests;
			productReference = 779E340D1FB93A7600DDA068 /* MMLibTests.xctest */;
			productType = "com.apple.product-type.bundle.unit-test";
		};
/* End PBXNativeTarget section */

/* Begin PBXProject section */
		779E33F31FB93A1D00DDA068 /* Project object */ = {
			isa = PBXProject;
			attributes = {
				LastSwiftUpdateCheck = 0900;
				LastUpgradeCheck = 0900;
				ORGANIZATIONNAME = com.mo9.lmsun;
				TargetAttributes = {
					779E33FB1FB93A1D00DDA068 = {
						CreatedOnToolsVersion = 9.0;
						LastSwiftMigration = 0900;
						ProvisioningStyle = Automatic;
					};
					779E340C1FB93A7600DDA068 = {
						CreatedOnToolsVersion = 9.0;
						ProvisioningStyle = Automatic;
					};
				};
			};
			buildConfigurationList = 779E33F61FB93A1D00DDA068 /* Build configuration list for PBXProject "MMLib" */;
			compatibilityVersion = "Xcode 8.0";
			developmentRegion = en;
			hasScannedForEncodings = 0;
			knownRegions = (
				en,
			);
			mainGroup = 779E33F21FB93A1D00DDA068;
			productRefGroup = 779E33FD1FB93A1D00DDA068 /* Products */;
			projectDirPath = "";
			projectRoot = "";
			targets = (
				779E33FB1FB93A1D00DDA068 /* MMLib */,
				779E340C1FB93A7600DDA068 /* MMLibTests */,
			);
		};
/* End PBXProject section */

/* Begin PBXResourcesBuildPhase section */
		779E33FA1FB93A1D00DDA068 /* Resources */ = {
			isa = PBXResourcesBuildPhase;
			buildActionMask = 2147483647;
			files = (
			);
			runOnlyForDeploymentPostprocessing = 0;
		};
		779E340B1FB93A7600DDA068 /* Resources */ = {
			isa = PBXResourcesBuildPhase;
			buildActionMask = 2147483647;
			files = (
			);
			runOnlyForDeploymentPostprocessing = 0;
		};
/* End PBXResourcesBuildPhase section */

/* Begin PBXSourcesBuildPhase section */
		779E33F71FB93A1D00DDA068 /* Sources */ = {
			isa = PBXSourcesBuildPhase;
			buildActionMask = 2147483647;
			files = (
				779E34081FB93A3A00DDA068 /* MMOperation.swift in Sources */,
			);
			runOnlyForDeploymentPostprocessing = 0;
		};
		779E34091FB93A7600DDA068 /* Sources */ = {
			isa = PBXSourcesBuildPhase;
			buildActionMask = 2147483647;
			files = (
				779E34101FB93A7600DDA068 /* MMLibTests.swift in Sources */,
			);
			runOnlyForDeploymentPostprocessing = 0;
		};
/* End PBXSourcesBuildPhase section */

/* Begin PBXTargetDependency section */
		779E34141FB93A7600DDA068 /* PBXTargetDependency */ = {
			isa = PBXTargetDependency;
			target = 779E33FB1FB93A1D00DDA068 /* MMLib */;
			targetProxy = 779E34131FB93A7600DDA068 /* PBXContainerItemProxy */;
		};
/* End PBXTargetDependency section */

/* Begin XCBuildConfiguration section */
		779E34021FB93A1D00DDA068 /* Debug */ = {
			isa = XCBuildConfiguration;
			buildSettings = {
				ALWAYS_SEARCH_USER_PATHS = NO;
				CLANG_ANALYZER_NONNULL = YES;
				CLANG_ANALYZER_NUMBER_OBJECT_CONVERSION = YES_AGGRESSIVE;
				CLANG_CXX_LANGUAGE_STANDARD = "gnu++14";
				CLANG_CXX_LIBRARY = "libc++";
				CLANG_ENABLE_MODULES = YES;
				CLANG_ENABLE_OBJC_ARC = YES;
				CLANG_WARN_BLOCK_CAPTURE_AUTORELEASING = YES;
				CLANG_WARN_BOOL_CONVERSION = YES;
				CLANG_WARN_COMMA = YES;
				CLANG_WARN_CONSTANT_CONVERSION = YES;
				CLANG_WARN_DIRECT_OBJC_ISA_USAGE = YES_ERROR;
				CLANG_WARN_DOCUMENTATION_COMMENTS = YES;
				CLANG_WARN_EMPTY_BODY = YES;
				CLANG_WARN_ENUM_CONVERSION = YES;
				CLANG_WARN_INFINITE_RECURSION = YES;
				CLANG_WARN_INT_CONVERSION = YES;
				CLANG_WARN_NON_LITERAL_NULL_CONVERSION = YES;
				CLANG_WARN_OBJC_LITERAL_CONVERSION = YES;
				CLANG_WARN_OBJC_ROOT_CLASS = YES_ERROR;
				CLANG_WARN_RANGE_LOOP_ANALYSIS = YES;
				CLANG_WARN_STRICT_PROTOTYPES = YES;
				CLANG_WARN_SUSPICIOUS_MOVE = YES;
				CLANG_WARN_UNGUARDED_AVAILABILITY = YES_AGGRESSIVE;
				CLANG_WARN_UNREACHABLE_CODE = YES;
				CLANG_WARN__DUPLICATE_METHOD_MATCH = YES;
				CODE_SIGN_IDENTITY = "iPhone Developer";
				COPY_PHASE_STRIP = NO;
				CURRENT_PROJECT_VERSION = 1;
				DEBUG_INFORMATION_FORMAT = dwarf;
				ENABLE_STRICT_OBJC_MSGSEND = YES;
				ENABLE_TESTABILITY = YES;
				GCC_C_LANGUAGE_STANDARD = gnu11;
				GCC_DYNAMIC_NO_PIC = NO;
				GCC_NO_COMMON_BLOCKS = YES;
				GCC_OPTIMIZATION_LEVEL = 0;
				GCC_PREPROCESSOR_DEFINITIONS = (
					"DEBUG=1",
					"$(inherited)",
				);
				GCC_WARN_64_TO_32_BIT_CONVERSION = YES;
				GCC_WARN_ABOUT_RETURN_TYPE = YES_ERROR;
				GCC_WARN_UNDECLARED_SELECTOR = YES;
				GCC_WARN_UNINITIALIZED_AUTOS = YES_AGGRESSIVE;
				GCC_WARN_UNUSED_FUNCTION = YES;
				GCC_WARN_UNUSED_VARIABLE = YES;
				IPHONEOS_DEPLOYMENT_TARGET = 11.0;
				MTL_ENABLE_DEBUG_INFO = YES;
				ONLY_ACTIVE_ARCH = YES;
				SDKROOT = iphoneos;
				SWIFT_ACTIVE_COMPILATION_CONDITIONS = DEBUG;
				SWIFT_OPTIMIZATION_LEVEL = "-Onone";
				VERSIONING_SYSTEM = "apple-generic";
				VERSION_INFO_PREFIX = "";
			};
			name = Debug;
		};
		779E34031FB93A1D00DDA068 /* Release */ = {
			isa = XCBuildConfiguration;
			buildSettings = {
				ALWAYS_SEARCH_USER_PATHS = NO;
				CLANG_ANALYZER_NONNULL = YES;
				CLANG_ANALYZER_NUMBER_OBJECT_CONVERSION = YES_AGGRESSIVE;
				CLANG_CXX_LANGUAGE_STANDARD = "gnu++14";
				CLANG_CXX_LIBRARY = "libc++";
				CLANG_ENABLE_MODULES = YES;
				CLANG_ENABLE_OBJC_ARC = YES;
				CLANG_WARN_BLOCK_CAPTURE_AUTORELEASING = YES;
				CLANG_WARN_BOOL_CONVERSION = YES;
				CLANG_WARN_COMMA = YES;
				CLANG_WARN_CONSTANT_CONVERSION = YES;
				CLANG_WARN_DIRECT_OBJC_ISA_USAGE = YES_ERROR;
				CLANG_WARN_DOCUMENTATION_COMMENTS = YES;
				CLANG_WARN_EMPTY_BODY = YES;
				CLANG_WARN_ENUM_CONVERSION = YES;
				CLANG_WARN_INFINITE_RECURSION = YES;
				CLANG_WARN_INT_CONVERSION = YES;
				CLANG_WARN_NON_LITERAL_NULL_CONVERSION = YES;
				CLANG_WARN_OBJC_LITERAL_CONVERSION = YES;
				CLANG_WARN_OBJC_ROOT_CLASS = YES_ERROR;
				CLANG_WARN_RANGE_LOOP_ANALYSIS = YES;
				CLANG_WARN_STRICT_PROTOTYPES = YES;
				CLANG_WARN_SUSPICIOUS_MOVE = YES;
				CLANG_WARN_UNGUARDED_AVAILABILITY = YES_AGGRESSIVE;
				CLANG_WARN_UNREACHABLE_CODE = YES;
				CLANG_WARN__DUPLICATE_METHOD_MATCH = YES;
				CODE_SIGN_IDENTITY = "iPhone Developer";
				COPY_PHASE_STRIP = NO;
				CURRENT_PROJECT_VERSION = 1;
				DEBUG_INFORMATION_FORMAT = "dwarf-with-dsym";
				ENABLE_NS_ASSERTIONS = NO;
				ENABLE_STRICT_OBJC_MSGSEND = YES;
				GCC_C_LANGUAGE_STANDARD = gnu11;
				GCC_NO_COMMON_BLOCKS = YES;
				GCC_WARN_64_TO_32_BIT_CONVERSION = YES;
				GCC_WARN_ABOUT_RETURN_TYPE = YES_ERROR;
				GCC_WARN_UNDECLARED_SELECTOR = YES;
				GCC_WARN_UNINITIALIZED_AUTOS = YES_AGGRESSIVE;
				GCC_WARN_UNUSED_FUNCTION = YES;
				GCC_WARN_UNUSED_VARIABLE = YES;
				IPHONEOS_DEPLOYMENT_TARGET = 11.0;
				MTL_ENABLE_DEBUG_INFO = NO;
				SDKROOT = iphoneos;
				SWIFT_OPTIMIZATION_LEVEL = "-Owholemodule";
				VALIDATE_PRODUCT = YES;
				VERSIONING_SYSTEM = "apple-generic";
				VERSION_INFO_PREFIX = "";
			};
			name = Release;
		};
		779E34051FB93A1D00DDA068 /* Debug */ = {
			isa = XCBuildConfiguration;
			buildSettings = {
				CLANG_ENABLE_MODULES = YES;
				CODE_SIGN_IDENTITY = "";
				CODE_SIGN_STYLE = Automatic;
				DEFINES_MODULE = YES;
				DYLIB_COMPATIBILITY_VERSION = 1;
				DYLIB_CURRENT_VERSION = 1;
				DYLIB_INSTALL_NAME_BASE = "@rpath";
				INFOPLIST_FILE = MMLib/Info.plist;
				INSTALL_PATH = "$(LOCAL_LIBRARY_DIR)/Frameworks";
				LD_RUNPATH_SEARCH_PATHS = "$(inherited) @executable_path/Frameworks @loader_path/Frameworks";
				PRODUCT_BUNDLE_IDENTIFIER = test.MMLib;
				PRODUCT_NAME = "$(TARGET_NAME:c99extidentifier)";
				SKIP_INSTALL = YES;
				SWIFT_OPTIMIZATION_LEVEL = "-Onone";
				SWIFT_VERSION = 4.0;
				TARGETED_DEVICE_FAMILY = "1,2";
			};
			name = Debug;
		};
		779E34061FB93A1D00DDA068 /* Release */ = {
			isa = XCBuildConfiguration;
			buildSettings = {
				CLANG_ENABLE_MODULES = YES;
				CODE_SIGN_IDENTITY = "";
				CODE_SIGN_STYLE = Automatic;
				DEFINES_MODULE = YES;
				DYLIB_COMPATIBILITY_VERSION = 1;
				DYLIB_CURRENT_VERSION = 1;
				DYLIB_INSTALL_NAME_BASE = "@rpath";
				INFOPLIST_FILE = MMLib/Info.plist;
				INSTALL_PATH = "$(LOCAL_LIBRARY_DIR)/Frameworks";
				LD_RUNPATH_SEARCH_PATHS = "$(inherited) @executable_path/Frameworks @loader_path/Frameworks";
				PRODUCT_BUNDLE_IDENTIFIER = test.MMLib;
				PRODUCT_NAME = "$(TARGET_NAME:c99extidentifier)";
				SKIP_INSTALL = YES;
				SWIFT_VERSION = 4.0;
				TARGETED_DEVICE_FAMILY = "1,2";
			};
			name = Release;
		};
		779E34161FB93A7600DDA068 /* Debug */ = {
			isa = XCBuildConfiguration;
			buildSettings = {
				CODE_SIGN_STYLE = Automatic;
				INFOPLIST_FILE = MMLibTests/Info.plist;
				LD_RUNPATH_SEARCH_PATHS = "$(inherited) @executable_path/Frameworks @loader_path/Frameworks";
				PRODUCT_BUNDLE_IDENTIFIER = test.MMLibTests;
				PRODUCT_NAME = "$(TARGET_NAME)";
				SWIFT_VERSION = 4.0;
				TARGETED_DEVICE_FAMILY = "1,2";
			};
			name = Debug;
		};
		779E34171FB93A7600DDA068 /* Release */ = {
			isa = XCBuildConfiguration;
			buildSettings = {
				CODE_SIGN_STYLE = Automatic;
				INFOPLIST_FILE = MMLibTests/Info.plist;
				LD_RUNPATH_SEARCH_PATHS = "$(inherited) @executable_path/Frameworks @loader_path/Frameworks";
				PRODUCT_BUNDLE_IDENTIFIER = test.MMLibTests;
				PRODUCT_NAME = "$(TARGET_NAME)";
				SWIFT_VERSION = 4.0;
				TARGETED_DEVICE_FAMILY = "1,2";
			};
			name = Release;
		};
/* End XCBuildConfiguration section */

/* Begin XCConfigurationList section */
		779E33F61FB93A1D00DDA068 /* Build configuration list for PBXProject "MMLib" */ = {
			isa = XCConfigurationList;
			buildConfigurations = (
				779E34021FB93A1D00DDA068 /* Debug */,
				779E34031FB93A1D00DDA068 /* Release */,
			);
			defaultConfigurationIsVisible = 0;
			defaultConfigurationName = Release;
		};
		779E34041FB93A1D00DDA068 /* Build configuration list for PBXNativeTarget "MMLib" */ = {
			isa = XCConfigurationList;
			buildConfigurations = (
				779E34051FB93A1D00DDA068 /* Debug */,
				779E34061FB93A1D00DDA068 /* Release */,
			);
			defaultConfigurationIsVisible = 0;
			defaultConfigurationName = Release;
		};
		779E34151FB93A7600DDA068 /* Build configuration list for PBXNativeTarget "MMLibTests" */ = {
			isa = XCConfigurationList;
			buildConfigurations = (
				779E34161FB93A7600DDA068 /* Debug */,
				779E34171FB93A7600DDA068 /* Release */,
			);
			defaultConfigurationIsVisible = 0;
			defaultConfigurationName = Release;
		};
/* End XCConfigurationList section */
	};
	rootObject = 779E33F31FB93A1D00DDA068 /* Project object */;
}
